
Microsoft Visual Studio Solution File, Format Version 12.00
# Visual Studio Version 17
VisualStudioVersion = 17.8.34511.84
MinimumVisualStudioVersion = 10.0.40219.1
Project("{888888A0-9F3D-457C-B088-3A5042F75D52}") = "wbbcapp", "wbbcapp.pyproj", "{80CED272-D1AB-4558-A895-50BDEEB76430}"
EndProject
Global
	GlobalSection(SolutionConfigurationPlatforms) = preSolution
		Debug|Any CPU = Debug|Any CPU
		Release|Any CPU = Release|Any CPU
	EndGlobalSection
	GlobalSection(ProjectConfigurationPlatforms) = postSolution
		{80CED272-D1AB-4558-A895-50BDEEB76430}.Debug|Any CPU.ActiveCfg = Debug|Any CPU
		{80CED272-D1AB-4558-A895-50BDEEB76430}.Release|Any CPU.ActiveCfg = Release|Any CPU
	EndGlobalSection
	GlobalSection(SolutionProperties) = preSolution
		HideSolutionNode = FALSE
	EndGlobalSection
	GlobalSection(ExtensibilityGlobals) = postSolution
		SolutionGuid = {F44C1A6D-5C5F-42F7-B2F0-2788E19E9A20}
	EndGlobalSection
EndGlobal
